
Microsoft Visual Studio Solution File, Format Version 12.00
# Visual Studio 15
VisualStudioVersion = 15.0.26730.16
MinimumVisualStudioVersion = 10.0.40219.1
Project("{FAE04EC0-301F-11D3-BF4B-00C04F79EFBC}") = "Batcher", "Batcher\Batcher.csproj", "{C8E686EE-D968-4719-A3E6-F76E73EE55CD}"
EndProject
Project("{FAE04EC0-301F-11D3-BF4B-00C04F79EFBC}") = "TestBatcher", "TestBatcher\TestBatcher.csproj", "{3546500B-3073-451D-BCC5-F1C5274321A1}"
EndProject
Global
	GlobalSection(SolutionConfigurationPlatforms) = preSolution
		Debug|Any CPU = Debug|Any CPU
		Release|Any CPU = Release|Any CPU
	EndGlobalSection
	GlobalSection(ProjectConfigurationPlatforms) = postSolution
		{C8E686EE-D968-4719-A3E6-F76E73EE55CD}.Debug|Any CPU.ActiveCfg = Debug|Any CPU
		{C8E686EE-D968-4719-A3E6-F76E73EE55CD}.Debug|Any CPU.Build.0 = Debug|Any CPU
		{C8E686EE-D968-4719-A3E6-F76E73EE55CD}.Release|Any CPU.ActiveCfg = Release|Any CPU
		{C8E686EE-D968-4719-A3E6-F76E73EE55CD}.Release|Any CPU.Build.0 = Release|Any CPU
		{3546500B-3073-451D-BCC5-F1C5274321A1}.Debug|Any CPU.ActiveCfg = Debug|Any CPU
		{3546500B-3073-451D-BCC5-F1C5274321A1}.Debug|Any CPU.Build.0 = Debug|Any CPU
		{3546500B-3073-451D-BCC5-F1C5274321A1}.Release|Any CPU.ActiveCfg = Release|Any CPU
		{3546500B-3073-451D-BCC5-F1C5274321A1}.Release|Any CPU.Build.0 = Release|Any CPU
	EndGlobalSection
	GlobalSection(SolutionProperties) = preSolution
		HideSolutionNode = FALSE
	EndGlobalSection
	GlobalSection(ExtensibilityGlobals) = postSolution
		SolutionGuid = {30871408-09A9-4067-B953-472E3682C5B2}
	EndGlobalSection
EndGlobal
